
Microsoft Visual Studio Solution File, Format Version 12.00
# Visual Studio 15
VisualStudioVersion = 15.0.27130.2020
MinimumVisualStudioVersion = 10.0.40219.1
Project("{FAE04EC0-301F-11D3-BF4B-00C04F79EFBC}") = "Model", "Model\Model.csproj", "{EE30BF96-55DE-46CE-9C7D-20368E2C9268}"
EndProject
Project("{FAE04EC0-301F-11D3-BF4B-00C04F79EFBC}") = "Connections", "Connections\Connections.csproj", "{9820B87E-2BC0-406B-9D9A-F317EA1E298C}"
EndProject
Project("{FAE04EC0-301F-11D3-BF4B-00C04F79EFBC}") = "App", "App\App.csproj", "{FE4B5483-6CC2-457C-91FC-BD61F2925222}"
EndProject
Global
	GlobalSection(SolutionConfigurationPlatforms) = preSolution
		Debug|Any CPU = Debug|Any CPU
		Release|Any CPU = Release|Any CPU
	EndGlobalSection
	GlobalSection(ProjectConfigurationPlatforms) = postSolution
		{EE30BF96-55DE-46CE-9C7D-20368E2C9268}.Debug|Any CPU.ActiveCfg = Debug|Any CPU
		{EE30BF96-55DE-46CE-9C7D-20368E2C9268}.Debug|Any CPU.Build.0 = Debug|Any CPU
		{EE30BF96-55DE-46CE-9C7D-20368E2C9268}.Release|Any CPU.ActiveCfg = Release|Any CPU
		{EE30BF96-55DE-46CE-9C7D-20368E2C9268}.Release|Any CPU.Build.0 = Release|Any CPU
		{9820B87E-2BC0-406B-9D9A-F317EA1E298C}.Debug|Any CPU.ActiveCfg = Debug|Any CPU
		{9820B87E-2BC0-406B-9D9A-F317EA1E298C}.Debug|Any CPU.Build.0 = Debug|Any CPU
		{9820B87E-2BC0-406B-9D9A-F317EA1E298C}.Release|Any CPU.ActiveCfg = Release|Any CPU
		{9820B87E-2BC0-406B-9D9A-F317EA1E298C}.Release|Any CPU.Build.0 = Release|Any CPU
		{FE4B5483-6CC2-457C-91FC-BD61F2925222}.Debug|Any CPU.ActiveCfg = Debug|Any CPU
		{FE4B5483-6CC2-457C-91FC-BD61F2925222}.Debug|Any CPU.Build.0 = Debug|Any CPU
		{FE4B5483-6CC2-457C-91FC-BD61F2925222}.Release|Any CPU.ActiveCfg = Release|Any CPU
		{FE4B5483-6CC2-457C-91FC-BD61F2925222}.Release|Any CPU.Build.0 = Release|Any CPU
	EndGlobalSection
	GlobalSection(SolutionProperties) = preSolution
		HideSolutionNode = FALSE
	EndGlobalSection
	GlobalSection(ExtensibilityGlobals) = postSolution
		SolutionGuid = {617DB2F6-9D00-4BA4-BE3E-7DCA04D8D69B}
	EndGlobalSection
EndGlobal
